
Microsoft Visual Studio Solution File, Format Version 12.00
# Visual Studio Version 16
VisualStudioVersion = 16.0.29728.190
MinimumVisualStudioVersion = 15.0.26124.0
Project("{9A19103F-16F7-4668-BE54-9A1E7A4F7556}") = "DayProgress", "DayProgress.csproj", "{FCFD9355-9365-4C00-91FB-6F6A821BFBAE}"
EndProject
Global
	GlobalSection(SolutionConfigurationPlatforms) = preSolution
		Debug|Any CPU = Debug|Any CPU
		Debug|x64 = Debug|x64
		Debug|x86 = Debug|x86
		Release|Any CPU = Release|Any CPU
		Release|x64 = Release|x64
		Release|x86 = Release|x86
	EndGlobalSection
	GlobalSection(ProjectConfigurationPlatforms) = postSolution
		{FCFD9355-9365-4C00-91FB-6F6A821BFBAE}.Debug|Any CPU.ActiveCfg = Debug|Any CPU
		{FCFD9355-9365-4C00-91FB-6F6A821BFBAE}.Debug|Any CPU.Build.0 = Debug|Any CPU
		{FCFD9355-9365-4C00-91FB-6F6A821BFBAE}.Debug|x64.ActiveCfg = Debug|Any CPU
		{FCFD9355-9365-4C00-91FB-6F6A821BFBAE}.Debug|x64.Build.0 = Debug|Any CPU
		{FCFD9355-9365-4C00-91FB-6F6A821BFBAE}.Debug|x86.ActiveCfg = Debug|Any CPU
		{FCFD9355-9365-4C00-91FB-6F6A821BFBAE}.Debug|x86.Build.0 = Debug|Any CPU
		{FCFD9355-9365-4C00-91FB-6F6A821BFBAE}.Release|Any CPU.ActiveCfg = Release|Any CPU
		{FCFD9355-9365-4C00-91FB-6F6A821BFBAE}.Release|Any CPU.Build.0 = Release|Any CPU
		{FCFD9355-9365-4C00-91FB-6F6A821BFBAE}.Release|x64.ActiveCfg = Release|Any CPU
		{FCFD9355-9365-4C00-91FB-6F6A821BFBAE}.Release|x64.Build.0 = Release|Any CPU
		{FCFD9355-9365-4C00-91FB-6F6A821BFBAE}.Release|x86.ActiveCfg = Release|Any CPU
		{FCFD9355-9365-4C00-91FB-6F6A821BFBAE}.Release|x86.Build.0 = Release|Any CPU
	EndGlobalSection
	GlobalSection(SolutionProperties) = preSolution
		HideSolutionNode = FALSE
	EndGlobalSection
	GlobalSection(ExtensibilityGlobals) = postSolution
		SolutionGuid = {F511C357-0E52-4895-AD87-139DE55F5168}
	EndGlobalSection
EndGlobal
